
Microsoft Visual Studio Solution File, Format Version 12.00
# Visual Studio 2013
VisualStudioVersion = 12.0.31101.0
MinimumVisualStudioVersion = 10.0.40219.1
Project("{8BC9CEB8-8B4A-11D0-8D11-00A0C91BC942}") = "cublastest", "cublastest\cublastest.vcxproj", "{CD921E7B-5BDA-4DB0-909E-6A8D3E3FD517}"
EndProject
Global
	GlobalSection(SolutionConfigurationPlatforms) = preSolution
		Debug|Win32 = Debug|Win32
		Debug|x64 = Debug|x64
		Release|Win32 = Release|Win32
		Release|x64 = Release|x64
	EndGlobalSection
	GlobalSection(ProjectConfigurationPlatforms) = postSolution
		{CD921E7B-5BDA-4DB0-909E-6A8D3E3FD517}.Debug|Win32.ActiveCfg = Debug|Win32
		{CD921E7B-5BDA-4DB0-909E-6A8D3E3FD517}.Debug|Win32.Build.0 = Debug|Win32
		{CD921E7B-5BDA-4DB0-909E-6A8D3E3FD517}.Debug|x64.ActiveCfg = Debug|x64
		{CD921E7B-5BDA-4DB0-909E-6A8D3E3FD517}.Debug|x64.Build.0 = Debug|x64
		{CD921E7B-5BDA-4DB0-909E-6A8D3E3FD517}.Release|Win32.ActiveCfg = Release|Win32
		{CD921E7B-5BDA-4DB0-909E-6A8D3E3FD517}.Release|Win32.Build.0 = Release|Win32
		{CD921E7B-5BDA-4DB0-909E-6A8D3E3FD517}.Release|x64.ActiveCfg = Release|x64
		{CD921E7B-5BDA-4DB0-909E-6A8D3E3FD517}.Release|x64.Build.0 = Release|x64
	EndGlobalSection
	GlobalSection(SolutionProperties) = preSolution
		HideSolutionNode = FALSE
	EndGlobalSection
EndGlobal
